<Solution>
  <Project Path="Backend/Backend.csproj" />
  <Project Path="Frontend/Frontend.esproj">
    <Build />
    <Deploy />
  </Project>
  <Project Path="ImplementationArchitectureApp.dcproj">
    <Build />
  </Project>
  <Project Path="Worker/Worker.csproj" Id="03aed727-870d-4de6-a298-0d1adc1ae7ec" />
</Solution>
